
Microsoft Visual Studio Solution File, Format Version 11.00
# Visual Studio 2010
Project("{E24C65DC-7377-472B-9ABA-BC803B73C61A}") = "Battery", "..\..\WebSites\Battery\", "{3A41DA6E-B49D-4339-B8E1-747EB6972052}"
	ProjectSection(WebsiteProperties) = preProject
		TargetFrameworkMoniker = ".NETFramework,Version%3Dv4.0"
		Debug.AspNetCompiler.VirtualPath = "/Battery"
		Debug.AspNetCompiler.PhysicalPath = "..\..\WebSites\Battery\"
		Debug.AspNetCompiler.TargetPath = "PrecompiledWeb\Battery\"
		Debug.AspNetCompiler.Updateable = "true"
		Debug.AspNetCompiler.ForceOverwrite = "true"
		Debug.AspNetCompiler.FixedNames = "false"
		Debug.AspNetCompiler.Debug = "True"
		Release.AspNetCompiler.VirtualPath = "/Battery"
		Release.AspNetCompiler.PhysicalPath = "..\..\WebSites\Battery\"
		Release.AspNetCompiler.TargetPath = "PrecompiledWeb\Battery\"
		Release.AspNetCompiler.Updateable = "true"
		Release.AspNetCompiler.ForceOverwrite = "true"
		Release.AspNetCompiler.FixedNames = "false"
		Release.AspNetCompiler.Debug = "False"
		VWDPort = "61524"
		DefaultWebSiteLanguage = "Visual C#"
	EndProjectSection
EndProject
Global
	GlobalSection(SolutionConfigurationPlatforms) = preSolution
		Debug|Any CPU = Debug|Any CPU
	EndGlobalSection
	GlobalSection(ProjectConfigurationPlatforms) = postSolution
		{3A41DA6E-B49D-4339-B8E1-747EB6972052}.Debug|Any CPU.ActiveCfg = Debug|Any CPU
		{3A41DA6E-B49D-4339-B8E1-747EB6972052}.Debug|Any CPU.Build.0 = Debug|Any CPU
	EndGlobalSection
	GlobalSection(SolutionProperties) = preSolution
		HideSolutionNode = FALSE
	EndGlobalSection
EndGlobal
